
Microsoft Visual Studio Solution File, Format Version 12.00
# Visual Studio Version 17
VisualStudioVersion = 17.0.32014.148
MinimumVisualStudioVersion = 10.0.40219.1
Project("{9A19103F-16F7-4668-BE54-9A1E7A4F7556}") = "IntermediateAPI", "IntermediateAPI\IntermediateAPI.csproj", "{E4F941A9-A0D4-47EB-97C0-872ACC08AA3C}"
EndProject
Global
	GlobalSection(SolutionConfigurationPlatforms) = preSolution
		Debug|Any CPU = Debug|Any CPU
		Release|Any CPU = Release|Any CPU
	EndGlobalSection
	GlobalSection(ProjectConfigurationPlatforms) = postSolution
		{E4F941A9-A0D4-47EB-97C0-872ACC08AA3C}.Debug|Any CPU.ActiveCfg = Debug|Any CPU
		{E4F941A9-A0D4-47EB-97C0-872ACC08AA3C}.Debug|Any CPU.Build.0 = Debug|Any CPU
		{E4F941A9-A0D4-47EB-97C0-872ACC08AA3C}.Release|Any CPU.ActiveCfg = Release|Any CPU
		{E4F941A9-A0D4-47EB-97C0-872ACC08AA3C}.Release|Any CPU.Build.0 = Release|Any CPU
		{05551A0E-EC91-4FC9-BA95-2A2CDE6B9998}.Debug|Any CPU.ActiveCfg = Debug|Any CPU
		{05551A0E-EC91-4FC9-BA95-2A2CDE6B9998}.Debug|Any CPU.Build.0 = Debug|Any CPU
		{05551A0E-EC91-4FC9-BA95-2A2CDE6B9998}.Release|Any CPU.ActiveCfg = Release|Any CPU
		{05551A0E-EC91-4FC9-BA95-2A2CDE6B9998}.Release|Any CPU.Build.0 = Release|Any CPU
	EndGlobalSection
	GlobalSection(SolutionProperties) = preSolution
		HideSolutionNode = FALSE
	EndGlobalSection
	GlobalSection(ExtensibilityGlobals) = postSolution
		SolutionGuid = {610CF2C4-6BBF-40B8-91F2-A7360D38C319}
	EndGlobalSection
EndGlobal
